// !$*UTF8*$!
{
	archiveVersion = 1;
	classes = {
	};
	objectVersion = 50;
	objects = {

/* Begin PBXBuildFile section */
		4E226B2923301638002E8C66 /* RecordingsDatabase.swift in Sources */ = {isa = PBXBuildFile; fileRef = 4E226B2823301638002E8C66 /* RecordingsDatabase.swift */; };
		4E2A454A2326024400C89186 /* RecordingViewController.swift in Sources */ = {isa = PBXBuildFile; fileRef = 4E2A45492326024300C89186 /* RecordingViewController.swift */; };
		4E2A454C23268CA400C89186 /* DurationTimer.swift in Sources */ = {isa = PBXBuildFile; fileRef = 4E2A454B23268CA400C89186 /* DurationTimer.swift */; };
		4EAA42872320A4520012CD6F /* AppDelegate.swift in Sources */ = {isa = PBXBuildFile; fileRef = 4EAA42862320A4520012CD6F /* AppDelegate.swift */; };
		4EAA428C2320A4520012CD6F /* Main.storyboard in Resources */ = {isa = PBXBuildFile; fileRef = 4EAA428A2320A4520012CD6F /* Main.storyboard */; };
		4EAA428E2320A4540012CD6F /* Assets.xcassets in Resources */ = {isa = PBXBuildFile; fileRef = 4EAA428D2320A4540012CD6F /* Assets.xcassets */; };
		4EAA42912320A4540012CD6F /* LaunchScreen.storyboard in Resources */ = {isa = PBXBuildFile; fileRef = 4EAA428F2320A4540012CD6F /* LaunchScreen.storyboard */; };
		4EAA429C2320A4540012CD6F /* RecordingTests.swift in Sources */ = {isa = PBXBuildFile; fileRef = 4EAA429B2320A4540012CD6F /* RecordingTests.swift */; };
		4EAA42A72320A9C40012CD6F /* UIView+Attributes.swift in Sources */ = {isa = PBXBuildFile; fileRef = 4EAA42A62320A9C40012CD6F /* UIView+Attributes.swift */; };
/* End PBXBuildFile section */

/* Begin PBXContainerItemProxy section */
		4EAA42982320A4540012CD6F /* PBXContainerItemProxy */ = {
			isa = PBXContainerItemProxy;
			containerPortal = 4EAA427B2320A4520012CD6F /* Project object */;
			proxyType = 1;
			remoteGlobalIDString = 4EAA42822320A4520012CD6F;
			remoteInfo = Recording;
		};
/* End PBXContainerItemProxy section */

/* Begin PBXFileReference section */
		4E226B2823301638002E8C66 /* RecordingsDatabase.swift */ = {isa = PBXFileReference; lastKnownFileType = sourcecode.swift; path = RecordingsDatabase.swift; sourceTree = "<group>"; };
		4E2A45492326024300C89186 /* RecordingViewController.swift */ = {isa = PBXFileReference; fileEncoding = 4; lastKnownFileType = sourcecode.swift; path = RecordingViewController.swift; sourceTree = "<group>"; };
		4E2A454B23268CA400C89186 /* DurationTimer.swift */ = {isa = PBXFileReference; lastKnownFileType = sourcecode.swift; path = DurationTimer.swift; sourceTree = "<group>"; };
		4EAA42832320A4520012CD6F /* Recording.app */ = {isa = PBXFileReference; explicitFileType = wrapper.application; includeInIndex = 0; path = Recording.app; sourceTree = BUILT_PRODUCTS_DIR; };
		4EAA42862320A4520012CD6F /* AppDelegate.swift */ = {isa = PBXFileReference; lastKnownFileType = sourcecode.swift; path = AppDelegate.swift; sourceTree = "<group>"; };
		4EAA428B2320A4520012CD6F /* Base */ = {isa = PBXFileReference; lastKnownFileType = file.storyboard; name = Base; path = Base.lproj/Main.storyboard; sourceTree = "<group>"; };
		4EAA428D2320A4540012CD6F /* Assets.xcassets */ = {isa = PBXFileReference; lastKnownFileType = folder.assetcatalog; path = Assets.xcassets; sourceTree = "<group>"; };
		4EAA42902320A4540012CD6F /* Base */ = {isa = PBXFileReference; lastKnownFileType = file.storyboard; name = Base; path = Base.lproj/LaunchScreen.storyboard; sourceTree = "<group>"; };
		4EAA42922320A4540012CD6F /* Info.plist */ = {isa = PBXFileReference; lastKnownFileType = text.plist.xml; path = Info.plist; sourceTree = "<group>"; };
		4EAA42972320A4540012CD6F /* RecordingTests.xctest */ = {isa = PBXFileReference; explicitFileType = wrapper.cfbundle; includeInIndex = 0; path = RecordingTests.xctest; sourceTree = BUILT_PRODUCTS_DIR; };
		4EAA429B2320A4540012CD6F /* RecordingTests.swift */ = {isa = PBXFileReference; lastKnownFileType = sourcecode.swift; path = RecordingTests.swift; sourceTree = "<group>"; };
		4EAA429D2320A4540012CD6F /* Info.plist */ = {isa = PBXFileReference; lastKnownFileType = text.plist.xml; path = Info.plist; sourceTree = "<group>"; };
		4EAA42A62320A9C40012CD6F /* UIView+Attributes.swift */ = {isa = PBXFileReference; lastKnownFileType = sourcecode.swift; path = "UIView+Attributes.swift"; sourceTree = "<group>"; };
/* End PBXFileReference section */

/* Begin PBXFrameworksBuildPhase section */
		4EAA42802320A4520012CD6F /* Frameworks */ = {
			isa = PBXFrameworksBuildPhase;
			buildActionMask = 2147483647;
			files = (
			);
			runOnlyForDeploymentPostprocessing = 0;
		};
		4EAA42942320A4540012CD6F /* Frameworks */ = {
			isa = PBXFrameworksBuildPhase;
			buildActionMask = 2147483647;
			files = (
			);
			runOnlyForDeploymentPostprocessing = 0;
		};
/* End PBXFrameworksBuildPhase section */

/* Begin PBXGroup section */
		4EAA427A2320A4520012CD6F = {
			isa = PBXGroup;
			children = (
				4EAA42852320A4520012CD6F /* Recording */,
				4EAA429A2320A4540012CD6F /* RecordingTests */,
				4EAA42842320A4520012CD6F /* Products */,
			);
			sourceTree = "<group>";
		};
		4EAA42842320A4520012CD6F /* Products */ = {
			isa = PBXGroup;
			children = (
				4EAA42832320A4520012CD6F /* Recording.app */,
				4EAA42972320A4540012CD6F /* RecordingTests.xctest */,
			);
			name = Products;
			sourceTree = "<group>";
		};
		4EAA42852320A4520012CD6F /* Recording */ = {
			isa = PBXGroup;
			children = (
				4EAA42862320A4520012CD6F /* AppDelegate.swift */,
				4E2A45492326024300C89186 /* RecordingViewController.swift */,
				4E226B2823301638002E8C66 /* RecordingsDatabase.swift */,
				4EAA428A2320A4520012CD6F /* Main.storyboard */,
				4EAA428D2320A4540012CD6F /* Assets.xcassets */,
				4EAA428F2320A4540012CD6F /* LaunchScreen.storyboard */,
				4EAA42922320A4540012CD6F /* Info.plist */,
				4EAA42A62320A9C40012CD6F /* UIView+Attributes.swift */,
				4E2A454B23268CA400C89186 /* DurationTimer.swift */,
			);
			path = Recording;
			sourceTree = "<group>";
		};
		4EAA429A2320A4540012CD6F /* RecordingTests */ = {
			isa = PBXGroup;
			children = (
				4EAA429B2320A4540012CD6F /* RecordingTests.swift */,
				4EAA429D2320A4540012CD6F /* Info.plist */,
			);
			path = RecordingTests;
			sourceTree = "<group>";
		};
/* End PBXGroup section */

/* Begin PBXNativeTarget section */
		4EAA42822320A4520012CD6F /* Recording */ = {
			isa = PBXNativeTarget;
			buildConfigurationList = 4EAA42A02320A4540012CD6F /* Build configuration list for PBXNativeTarget "Recording" */;
			buildPhases = (
				4EAA427F2320A4520012CD6F /* Sources */,
				4EAA42802320A4520012CD6F /* Frameworks */,
				4EAA42812320A4520012CD6F /* Resources */,
			);
			buildRules = (
			);
			dependencies = (
			);
			name = Recording;
			productName = Recording;
			productReference = 4EAA42832320A4520012CD6F /* Recording.app */;
			productType = "com.apple.product-type.application";
		};
		4EAA42962320A4540012CD6F /* RecordingTests */ = {
			isa = PBXNativeTarget;
			buildConfigurationList = 4EAA42A32320A4540012CD6F /* Build configuration list for PBXNativeTarget "RecordingTests" */;
			buildPhases = (
				4EAA42932320A4540012CD6F /* Sources */,
				4EAA42942320A4540012CD6F /* Frameworks */,
				4EAA42952320A4540012CD6F /* Resources */,
			);
			buildRules = (
			);
			dependencies = (
				4EAA42992320A4540012CD6F /* PBXTargetDependency */,
			);
			name = RecordingTests;
			productName = RecordingTests;
			productReference = 4EAA42972320A4540012CD6F /* RecordingTests.xctest */;
			productType = "com.apple.product-type.bundle.unit-test";
		};
/* End PBXNativeTarget section */

/* Begin PBXProject section */
		4EAA427B2320A4520012CD6F /* Project object */ = {
			isa = PBXProject;
			attributes = {
				LastSwiftUpdateCheck = 1030;
				LastUpgradeCheck = 1030;
				ORGANIZATIONNAME = "Lauren White";
				TargetAttributes = {
					4EAA42822320A4520012CD6F = {
						CreatedOnToolsVersion = 10.3;
					};
					4EAA42962320A4540012CD6F = {
						CreatedOnToolsVersion = 10.3;
						TestTargetID = 4EAA42822320A4520012CD6F;
					};
				};
			};
			buildConfigurationList = 4EAA427E2320A4520012CD6F /* Build configuration list for PBXProject "Recording" */;
			compatibilityVersion = "Xcode 9.3";
			developmentRegion = en;
			hasScannedForEncodings = 0;
			knownRegions = (
				en,
				Base,
			);
			mainGroup = 4EAA427A2320A4520012CD6F;
			productRefGroup = 4EAA42842320A4520012CD6F /* Products */;
			projectDirPath = "";
			projectRoot = "";
			targets = (
				4EAA42822320A4520012CD6F /* Recording */,
				4EAA42962320A4540012CD6F /* RecordingTests */,
			);
		};
/* End PBXProject section */

/* Begin PBXResourcesBuildPhase section */
		4EAA42812320A4520012CD6F /* Resources */ = {
			isa = PBXResourcesBuildPhase;
			buildActionMask = 2147483647;
			files = (
				4EAA42912320A4540012CD6F /* LaunchScreen.storyboard in Resources */,
				4EAA428E2320A4540012CD6F /* Assets.xcassets in Resources */,
				4EAA428C2320A4520012CD6F /* Main.storyboard in Resources */,
			);
			runOnlyForDeploymentPostprocessing = 0;
		};
		4EAA42952320A4540012CD6F /* Resources */ = {
			isa = PBXResourcesBuildPhase;
			buildActionMask = 2147483647;
			files = (
			);
			runOnlyForDeploymentPostprocessing = 0;
		};
/* End PBXResourcesBuildPhase section */

/* Begin PBXSourcesBuildPhase section */
		4EAA427F2320A4520012CD6F /* Sources */ = {
			isa = PBXSourcesBuildPhase;
			buildActionMask = 2147483647;
			files = (
				4E2A454A2326024400C89186 /* RecordingViewController.swift in Sources */,
				4E226B2923301638002E8C66 /* RecordingsDatabase.swift in Sources */,
				4EAA42A72320A9C40012CD6F /* UIView+Attributes.swift in Sources */,
				4EAA42872320A4520012CD6F /* AppDelegate.swift in Sources */,
				4E2A454C23268CA400C89186 /* DurationTimer.swift in Sources */,
			);
			runOnlyForDeploymentPostprocessing = 0;
		};
		4EAA42932320A4540012CD6F /* Sources */ = {
			isa = PBXSourcesBuildPhase;
			buildActionMask = 2147483647;
			files = (
				4EAA429C2320A4540012CD6F /* RecordingTests.swift in Sources */,
			);
			runOnlyForDeploymentPostprocessing = 0;
		};
/* End PBXSourcesBuildPhase section */

/* Begin PBXTargetDependency section */
		4EAA42992320A4540012CD6F /* PBXTargetDependency */ = {
			isa = PBXTargetDependency;
			target = 4EAA42822320A4520012CD6F /* Recording */;
			targetProxy = 4EAA42982320A4540012CD6F /* PBXContainerItemProxy */;
		};
/* End PBXTargetDependency section */

/* Begin PBXVariantGroup section */
		4EAA428A2320A4520012CD6F /* Main.storyboard */ = {
			isa = PBXVariantGroup;
			children = (
				4EAA428B2320A4520012CD6F /* Base */,
			);
			name = Main.storyboard;
			sourceTree = "<group>";
		};
		4EAA428F2320A4540012CD6F /* LaunchScreen.storyboard */ = {
			isa = PBXVariantGroup;
			children = (
				4EAA42902320A4540012CD6F /* Base */,
			);
			name = LaunchScreen.storyboard;
			sourceTree = "<group>";
		};
/* End PBXVariantGroup section */

/* Begin XCBuildConfiguration section */
		4EAA429E2320A4540012CD6F /* Debug */ = {
			isa = XCBuildConfiguration;
			buildSettings = {
				ALWAYS_SEARCH_USER_PATHS = NO;
				CLANG_ANALYZER_NONNULL = YES;
				CLANG_ANALYZER_NUMBER_OBJECT_CONVERSION = YES_AGGRESSIVE;
				CLANG_CXX_LANGUAGE_STANDARD = "gnu++14";
				CLANG_CXX_LIBRARY = "libc++";
				CLANG_ENABLE_MODULES = YES;
				CLANG_ENABLE_OBJC_ARC = YES;
				CLANG_ENABLE_OBJC_WEAK = YES;
				CLANG_WARN_BLOCK_CAPTURE_AUTORELEASING = YES;
				CLANG_WARN_BOOL_CONVERSION = YES;
				CLANG_WARN_COMMA = YES;
				CLANG_WARN_CONSTANT_CONVERSION = YES;
				CLANG_WARN_DEPRECATED_OBJC_IMPLEMENTATIONS = YES;
				CLANG_WARN_DIRECT_OBJC_ISA_USAGE = YES_ERROR;
				CLANG_WARN_DOCUMENTATION_COMMENTS = YES;
				CLANG_WARN_EMPTY_BODY = YES;
				CLANG_WARN_ENUM_CONVERSION = YES;
				CLANG_WARN_INFINITE_RECURSION = YES;
				CLANG_WARN_INT_CONVERSION = YES;
				CLANG_WARN_NON_LITERAL_NULL_CONVERSION = YES;
				CLANG_WARN_OBJC_IMPLICIT_RETAIN_SELF = YES;
				CLANG_WARN_OBJC_LITERAL_CONVERSION = YES;
				CLANG_WARN_OBJC_ROOT_CLASS = YES_ERROR;
				CLANG_WARN_RANGE_LOOP_ANALYSIS = YES;
				CLANG_WARN_STRICT_PROTOTYPES = YES;
				CLANG_WARN_SUSPICIOUS_MOVE = YES;
				CLANG_WARN_UNGUARDED_AVAILABILITY = YES_AGGRESSIVE;
				CLANG_WARN_UNREACHABLE_CODE = YES;
				CLANG_WARN__DUPLICATE_METHOD_MATCH = YES;
				CODE_SIGN_IDENTITY = "iPhone Developer";
				COPY_PHASE_STRIP = NO;
				DEBUG_INFORMATION_FORMAT = dwarf;
				ENABLE_STRICT_OBJC_MSGSEND = YES;
				ENABLE_TESTABILITY = YES;
				GCC_C_LANGUAGE_STANDARD = gnu11;
				GCC_DYNAMIC_NO_PIC = NO;
				GCC_NO_COMMON_BLOCKS = YES;
				GCC_OPTIMIZATION_LEVEL = 0;
				GCC_PREPROCESSOR_DEFINITIONS = (
					"DEBUG=1",
					"$(inherited)",
				);
				GCC_WARN_64_TO_32_BIT_CONVERSION = YES;
				GCC_WARN_ABOUT_RETURN_TYPE = YES_ERROR;
				GCC_WARN_UNDECLARED_SELECTOR = YES;
				GCC_WARN_UNINITIALIZED_AUTOS = YES_AGGRESSIVE;
				GCC_WARN_UNUSED_FUNCTION = YES;
				GCC_WARN_UNUSED_VARIABLE = YES;
				IPHONEOS_DEPLOYMENT_TARGET = 12.4;
				MTL_ENABLE_DEBUG_INFO = INCLUDE_SOURCE;
				MTL_FAST_MATH = YES;
				ONLY_ACTIVE_ARCH = YES;
				SDKROOT = iphoneos;
				SWIFT_ACTIVE_COMPILATION_CONDITIONS = DEBUG;
				SWIFT_OPTIMIZATION_LEVEL = "-Onone";
			};
			name = Debug;
		};
		4EAA429F2320A4540012CD6F /* Release */ = {
			isa = XCBuildConfiguration;
			buildSettings = {
				ALWAYS_SEARCH_USER_PATHS = NO;
				CLANG_ANALYZER_NONNULL = YES;
				CLANG_ANALYZER_NUMBER_OBJECT_CONVERSION = YES_AGGRESSIVE;
				CLANG_CXX_LANGUAGE_STANDARD = "gnu++14";
				CLANG_CXX_LIBRARY = "libc++";
				CLANG_ENABLE_MODULES = YES;
				CLANG_ENABLE_OBJC_ARC = YES;
				CLANG_ENABLE_OBJC_WEAK = YES;
				CLANG_WARN_BLOCK_CAPTURE_AUTORELEASING = YES;
				CLANG_WARN_BOOL_CONVERSION = YES;
				CLANG_WARN_COMMA = YES;
				CLANG_WARN_CONSTANT_CONVERSION = YES;
				CLANG_WARN_DEPRECATED_OBJC_IMPLEMENTATIONS = YES;
				CLANG_WARN_DIRECT_OBJC_ISA_USAGE = YES_ERROR;
				CLANG_WARN_DOCUMENTATION_COMMENTS = YES;
				CLANG_WARN_EMPTY_BODY = YES;
				CLANG_WARN_ENUM_CONVERSION = YES;
				CLANG_WARN_INFINITE_RECURSION = YES;
				CLANG_WARN_INT_CONVERSION = YES;
				CLANG_WARN_NON_LITERAL_NULL_CONVERSION = YES;
				CLANG_WARN_OBJC_IMPLICIT_RETAIN_SELF = YES;
				CLANG_WARN_OBJC_LITERAL_CONVERSION = YES;
				CLANG_WARN_OBJC_ROOT_CLASS = YES_ERROR;
				CLANG_WARN_RANGE_LOOP_ANALYSIS = YES;
				CLANG_WARN_STRICT_PROTOTYPES = YES;
				CLANG_WARN_SUSPICIOUS_MOVE = YES;
				CLANG_WARN_UNGUARDED_AVAILABILITY = YES_AGGRESSIVE;
				CLANG_WARN_UNREACHABLE_CODE = YES;
				CLANG_WARN__DUPLICATE_METHOD_MATCH = YES;
				CODE_SIGN_IDENTITY = "iPhone Developer";
				COPY_PHASE_STRIP = NO;
				DEBUG_INFORMATION_FORMAT = "dwarf-with-dsym";
				ENABLE_NS_ASSERTIONS = NO;
				ENABLE_STRICT_OBJC_MSGSEND = YES;
				GCC_C_LANGUAGE_STANDARD = gnu11;
				GCC_NO_COMMON_BLOCKS = YES;
				GCC_WARN_64_TO_32_BIT_CONVERSION = YES;
				GCC_WARN_ABOUT_RETURN_TYPE = YES_ERROR;
				GCC_WARN_UNDECLARED_SELECTOR = YES;
				GCC_WARN_UNINITIALIZED_AUTOS = YES_AGGRESSIVE;
				GCC_WARN_UNUSED_FUNCTION = YES;
				GCC_WARN_UNUSED_VARIABLE = YES;
				IPHONEOS_DEPLOYMENT_TARGET = 12.4;
				MTL_ENABLE_DEBUG_INFO = NO;
				MTL_FAST_MATH = YES;
				SDKROOT = iphoneos;
				SWIFT_COMPILATION_MODE = wholemodule;
				SWIFT_OPTIMIZATION_LEVEL = "-O";
				VALIDATE_PRODUCT = YES;
			};
			name = Release;
		};
		4EAA42A12320A4540012CD6F /* Debug */ = {
			isa = XCBuildConfiguration;
			buildSettings = {
				ASSETCATALOG_COMPILER_APPICON_NAME = AppIcon;
				CODE_SIGN_STYLE = Automatic;
				INFOPLIST_FILE = Recording/Info.plist;
				LD_RUNPATH_SEARCH_PATHS = (
					"$(inherited)",
					"@executable_path/Frameworks",
				);
				PRODUCT_BUNDLE_IDENTIFIER = edu.gatech.macpack.Recording;
				PRODUCT_NAME = "$(TARGET_NAME)";
				SWIFT_VERSION = 5.0;
				TARGETED_DEVICE_FAMILY = "1,2";
			};
			name = Debug;
		};
		4EAA42A22320A4540012CD6F /* Release */ = {
			isa = XCBuildConfiguration;
			buildSettings = {
				ASSETCATALOG_COMPILER_APPICON_NAME = AppIcon;
				CODE_SIGN_STYLE = Automatic;
				INFOPLIST_FILE = Recording/Info.plist;
				LD_RUNPATH_SEARCH_PATHS = (
					"$(inherited)",
					"@executable_path/Frameworks",
				);
				PRODUCT_BUNDLE_IDENTIFIER = edu.gatech.macpack.Recording;
				PRODUCT_NAME = "$(TARGET_NAME)";
				SWIFT_VERSION = 5.0;
				TARGETED_DEVICE_FAMILY = "1,2";
			};
			name = Release;
		};
		4EAA42A42320A4540012CD6F /* Debug */ = {
			isa = XCBuildConfiguration;
			buildSettings = {
				ALWAYS_EMBED_SWIFT_STANDARD_LIBRARIES = YES;
				BUNDLE_LOADER = "$(TEST_HOST)";
				CODE_SIGN_STYLE = Automatic;
				INFOPLIST_FILE = RecordingTests/Info.plist;
				LD_RUNPATH_SEARCH_PATHS = (
					"$(inherited)",
					"@executable_path/Frameworks",
					"@loader_path/Frameworks",
				);
				PRODUCT_BUNDLE_IDENTIFIER = edu.gatech.macpack.RecordingTests;
				PRODUCT_NAME = "$(TARGET_NAME)";
				SWIFT_VERSION = 5.0;
				TARGETED_DEVICE_FAMILY = "1,2";
				TEST_HOST = "$(BUILT_PRODUCTS_DIR)/Recording.app/Recording";
			};
			name = Debug;
		};
		4EAA42A52320A4540012CD6F /* Release */ = {
			isa = XCBuildConfiguration;
			buildSettings = {
				ALWAYS_EMBED_SWIFT_STANDARD_LIBRARIES = YES;
				BUNDLE_LOADER = "$(TEST_HOST)";
				CODE_SIGN_STYLE = Automatic;
				INFOPLIST_FILE = RecordingTests/Info.plist;
				LD_RUNPATH_SEARCH_PATHS = (
					"$(inherited)",
					"@executable_path/Frameworks",
					"@loader_path/Frameworks",
				);
				PRODUCT_BUNDLE_IDENTIFIER = edu.gatech.macpack.RecordingTests;
				PRODUCT_NAME = "$(TARGET_NAME)";
				SWIFT_VERSION = 5.0;
				TARGETED_DEVICE_FAMILY = "1,2";
				TEST_HOST = "$(BUILT_PRODUCTS_DIR)/Recording.app/Recording";
			};
			name = Release;
		};
/* End XCBuildConfiguration section */

/* Begin XCConfigurationList section */
		4EAA427E2320A4520012CD6F /* Build configuration list for PBXProject "Recording" */ = {
			isa = XCConfigurationList;
			buildConfigurations = (
				4EAA429E2320A4540012CD6F /* Debug */,
				4EAA429F2320A4540012CD6F /* Release */,
			);
			defaultConfigurationIsVisible = 0;
			defaultConfigurationName = Release;
		};
		4EAA42A02320A4540012CD6F /* Build configuration list for PBXNativeTarget "Recording" */ = {
			isa = XCConfigurationList;
			buildConfigurations = (
				4EAA42A12320A4540012CD6F /* Debug */,
				4EAA42A22320A4540012CD6F /* Release */,
			);
			defaultConfigurationIsVisible = 0;
			defaultConfigurationName = Release;
		};
		4EAA42A32320A4540012CD6F /* Build configuration list for PBXNativeTarget "RecordingTests" */ = {
			isa = XCConfigurationList;
			buildConfigurations = (
				4EAA42A42320A4540012CD6F /* Debug */,
				4EAA42A52320A4540012CD6F /* Release */,
			);
			defaultConfigurationIsVisible = 0;
			defaultConfigurationName = Release;
		};
/* End XCConfigurationList section */
	};
	rootObject = 4EAA427B2320A4520012CD6F /* Project object */;
}
